
Microsoft Visual Studio Solution File, Format Version 12.00
# Visual Studio Version 17
VisualStudioVersion = 17.8.34004.107
MinimumVisualStudioVersion = 10.0.40219.1
Project("{FAE04EC0-301F-11D3-BF4B-00C04F79EFBC}") = "SupplierAPI", "ProductManagamentAPI\SupplierAPI.csproj", "{20B6B54F-5210-4FE8-BB45-EE4241066403}"
EndProject
Global
	GlobalSection(SolutionConfigurationPlatforms) = preSolution
		Debug|Any CPU = Debug|Any CPU
		Release|Any CPU = Release|Any CPU
	EndGlobalSection
	GlobalSection(ProjectConfigurationPlatforms) = postSolution
		{20B6B54F-5210-4FE8-BB45-EE4241066403}.Debug|Any CPU.ActiveCfg = Debug|Any CPU
		{20B6B54F-5210-4FE8-BB45-EE4241066403}.Debug|Any CPU.Build.0 = Debug|Any CPU
		{20B6B54F-5210-4FE8-BB45-EE4241066403}.Release|Any CPU.ActiveCfg = Release|Any CPU
		{20B6B54F-5210-4FE8-BB45-EE4241066403}.Release|Any CPU.Build.0 = Release|Any CPU
	EndGlobalSection
	GlobalSection(SolutionProperties) = preSolution
		HideSolutionNode = FALSE
	EndGlobalSection
	GlobalSection(ExtensibilityGlobals) = postSolution
		SolutionGuid = {3EB61BF7-80E8-4890-8598-326FFC14ECE8}
	EndGlobalSection
EndGlobal
